
Microsoft Visual Studio Solution File, Format Version 12.00
# Visual Studio 14
VisualStudioVersion = 14.0.24720.0
MinimumVisualStudioVersion = 10.0.40219.1
Project("{FAE04EC0-301F-11D3-BF4B-00C04F79EFBC}") = "XmlTransform", "XmlTransform\XmlTransform.csproj", "{9F771D68-3F84-4C56-B800-30E732CF3C39}"
EndProject
Project("{FAE04EC0-301F-11D3-BF4B-00C04F79EFBC}") = "XmlTransform.Tests", "XmlTransform.Tests\XmlTransform.Tests.csproj", "{4E1B1A39-EEB3-40BB-914F-DAC7AA09C91E}"
EndProject
Project("{2150E333-8FDC-42A3-9474-1A3956D46DE8}") = "Build", "Build", "{DAD3008A-A4EC-4831-90E8-9A21D141CDA8}"
	ProjectSection(SolutionItems) = preProject
		Build\Readme.txt = Build\Readme.txt
		Build\XmlTransformer.nuspec = Build\XmlTransformer.nuspec
	EndProjectSection
EndProject
Global
	GlobalSection(SolutionConfigurationPlatforms) = preSolution
		Debug|Any CPU = Debug|Any CPU
		Release|Any CPU = Release|Any CPU
	EndGlobalSection
	GlobalSection(ProjectConfigurationPlatforms) = postSolution
		{9F771D68-3F84-4C56-B800-30E732CF3C39}.Debug|Any CPU.ActiveCfg = Debug|Any CPU
		{9F771D68-3F84-4C56-B800-30E732CF3C39}.Debug|Any CPU.Build.0 = Debug|Any CPU
		{9F771D68-3F84-4C56-B800-30E732CF3C39}.Release|Any CPU.ActiveCfg = Release|Any CPU
		{9F771D68-3F84-4C56-B800-30E732CF3C39}.Release|Any CPU.Build.0 = Release|Any CPU
		{4E1B1A39-EEB3-40BB-914F-DAC7AA09C91E}.Debug|Any CPU.ActiveCfg = Debug|Any CPU
		{4E1B1A39-EEB3-40BB-914F-DAC7AA09C91E}.Debug|Any CPU.Build.0 = Debug|Any CPU
		{4E1B1A39-EEB3-40BB-914F-DAC7AA09C91E}.Release|Any CPU.ActiveCfg = Release|Any CPU
		{4E1B1A39-EEB3-40BB-914F-DAC7AA09C91E}.Release|Any CPU.Build.0 = Release|Any CPU
	EndGlobalSection
	GlobalSection(SolutionProperties) = preSolution
		HideSolutionNode = FALSE
	EndGlobalSection
EndGlobal
